
Microsoft Visual Studio Solution File, Format Version 12.00
# Visual Studio Version 17
VisualStudioVersion = 17.14.36414.22 d17.14
MinimumVisualStudioVersion = 10.0.40219.1
Project("{FAE04EC0-301F-11D3-BF4B-00C04F79EFBC}") = "NewsApi", "NewsApi\NewsApi.csproj", "{84B824A0-DD52-4942-89BC-3EB55877C4C2}"
EndProject
Global
	GlobalSection(SolutionConfigurationPlatforms) = preSolution
		Debug|Any CPU = Debug|Any CPU
		Release|Any CPU = Release|Any CPU
	EndGlobalSection
	GlobalSection(ProjectConfigurationPlatforms) = postSolution
		{84B824A0-DD52-4942-89BC-3EB55877C4C2}.Debug|Any CPU.ActiveCfg = Debug|Any CPU
		{84B824A0-DD52-4942-89BC-3EB55877C4C2}.Debug|Any CPU.Build.0 = Debug|Any CPU
		{84B824A0-DD52-4942-89BC-3EB55877C4C2}.Release|Any CPU.ActiveCfg = Release|Any CPU
		{84B824A0-DD52-4942-89BC-3EB55877C4C2}.Release|Any CPU.Build.0 = Release|Any CPU
	EndGlobalSection
	GlobalSection(SolutionProperties) = preSolution
		HideSolutionNode = FALSE
	EndGlobalSection
	GlobalSection(ExtensibilityGlobals) = postSolution
		SolutionGuid = {680AF4D4-A668-42A4-A119-4920E746DCD7}
	EndGlobalSection
EndGlobal
